// !$*UTF8*$!
{
	archiveVersion = 1;
	classes = {
	};
	objectVersion = 55;
	objects = {

/* Begin PBXBuildFile section */
		CB565382276A67FB00003D21 /* UILabelExtensions.swift in Sources */ = {isa = PBXBuildFile; fileRef = CB565381276A67FB00003D21 /* UILabelExtensions.swift */; };
		CB565384276A690300003D21 /* UITextFieldExtensions.swift in Sources */ = {isa = PBXBuildFile; fileRef = CB565383276A690300003D21 /* UITextFieldExtensions.swift */; };
		CB95C934277252CF0010730D /* IntExtension.swift in Sources */ = {isa = PBXBuildFile; fileRef = CB95C933277252CF0010730D /* IntExtension.swift */; };
		CB95C9362772578A0010730D /* StringExtensions.swift in Sources */ = {isa = PBXBuildFile; fileRef = CB95C9352772578A0010730D /* StringExtensions.swift */; };
		CBB046C72771024F00A836DD /* DateExtension.swift in Sources */ = {isa = PBXBuildFile; fileRef = CBB046C62771024F00A836DD /* DateExtension.swift */; };
		CBB70BC52774E08B00BC89BA /* ImageFunction.swift in Sources */ = {isa = PBXBuildFile; fileRef = CBB70BC42774E08B00BC89BA /* ImageFunction.swift */; };
		CBB70BC72775077800BC89BA /* Other.swift in Sources */ = {isa = PBXBuildFile; fileRef = CBB70BC62775077800BC89BA /* Other.swift */; };
		CBDDAFE2276E19A300A5678D /* Contact.swift in Sources */ = {isa = PBXBuildFile; fileRef = CBDDAFE1276E19A300A5678D /* Contact.swift */; };
		CBE9A26B27767330008C4EB3 /* Birthday.swift in Sources */ = {isa = PBXBuildFile; fileRef = CBE9A26A2776732F008C4EB3 /* Birthday.swift */; };
		CBF53FC32768F879001F99D8 /* AppDelegate.swift in Sources */ = {isa = PBXBuildFile; fileRef = CBF53FC22768F879001F99D8 /* AppDelegate.swift */; };
		CBF53FC52768F879001F99D8 /* SceneDelegate.swift in Sources */ = {isa = PBXBuildFile; fileRef = CBF53FC42768F879001F99D8 /* SceneDelegate.swift */; };
		CBF53FC72768F879001F99D8 /* SignInViewController.swift in Sources */ = {isa = PBXBuildFile; fileRef = CBF53FC62768F879001F99D8 /* SignInViewController.swift */; };
		CBF53FCA2768F879001F99D8 /* Main.storyboard in Resources */ = {isa = PBXBuildFile; fileRef = CBF53FC82768F879001F99D8 /* Main.storyboard */; };
		CBF53FCC2768F87B001F99D8 /* Assets.xcassets in Resources */ = {isa = PBXBuildFile; fileRef = CBF53FCB2768F87B001F99D8 /* Assets.xcassets */; };
		CBF53FCF2768F87B001F99D8 /* LaunchScreen.storyboard in Resources */ = {isa = PBXBuildFile; fileRef = CBF53FCD2768F87B001F99D8 /* LaunchScreen.storyboard */; };
		CBF53FD8276907CA001F99D8 /* BirthdayListViewController.swift in Sources */ = {isa = PBXBuildFile; fileRef = CBF53FD7276907CA001F99D8 /* BirthdayListViewController.swift */; };
		CBF53FDA27690850001F99D8 /* EditViewController.swift in Sources */ = {isa = PBXBuildFile; fileRef = CBF53FD927690850001F99D8 /* EditViewController.swift */; };
/* End PBXBuildFile section */

/* Begin PBXFileReference section */
		CB565381276A67FB00003D21 /* UILabelExtensions.swift */ = {isa = PBXFileReference; lastKnownFileType = sourcecode.swift; path = UILabelExtensions.swift; sourceTree = "<group>"; };
		CB565383276A690300003D21 /* UITextFieldExtensions.swift */ = {isa = PBXFileReference; lastKnownFileType = sourcecode.swift; path = UITextFieldExtensions.swift; sourceTree = "<group>"; };
		CB95C933277252CF0010730D /* IntExtension.swift */ = {isa = PBXFileReference; lastKnownFileType = sourcecode.swift; path = IntExtension.swift; sourceTree = "<group>"; };
		CB95C9352772578A0010730D /* StringExtensions.swift */ = {isa = PBXFileReference; lastKnownFileType = sourcecode.swift; path = StringExtensions.swift; sourceTree = "<group>"; };
		CBB046C62771024F00A836DD /* DateExtension.swift */ = {isa = PBXFileReference; lastKnownFileType = sourcecode.swift; path = DateExtension.swift; sourceTree = "<group>"; };
		CBB70BC42774E08B00BC89BA /* ImageFunction.swift */ = {isa = PBXFileReference; fileEncoding = 4; lastKnownFileType = sourcecode.swift; path = ImageFunction.swift; sourceTree = "<group>"; };
		CBB70BC62775077800BC89BA /* Other.swift */ = {isa = PBXFileReference; lastKnownFileType = sourcecode.swift; path = Other.swift; sourceTree = "<group>"; };
		CBDDAFE1276E19A300A5678D /* Contact.swift */ = {isa = PBXFileReference; lastKnownFileType = sourcecode.swift; path = Contact.swift; sourceTree = "<group>"; };
		CBE9A26A2776732F008C4EB3 /* Birthday.swift */ = {isa = PBXFileReference; lastKnownFileType = sourcecode.swift; path = Birthday.swift; sourceTree = "<group>"; };
		CBF53FBF2768F879001F99D8 /* BirthdayReminder.app */ = {isa = PBXFileReference; explicitFileType = wrapper.application; includeInIndex = 0; path = BirthdayReminder.app; sourceTree = BUILT_PRODUCTS_DIR; };
		CBF53FC22768F879001F99D8 /* AppDelegate.swift */ = {isa = PBXFileReference; lastKnownFileType = sourcecode.swift; path = AppDelegate.swift; sourceTree = "<group>"; };
		CBF53FC42768F879001F99D8 /* SceneDelegate.swift */ = {isa = PBXFileReference; lastKnownFileType = sourcecode.swift; path = SceneDelegate.swift; sourceTree = "<group>"; };
		CBF53FC62768F879001F99D8 /* SignInViewController.swift */ = {isa = PBXFileReference; lastKnownFileType = sourcecode.swift; path = SignInViewController.swift; sourceTree = "<group>"; };
		CBF53FC92768F879001F99D8 /* Base */ = {isa = PBXFileReference; lastKnownFileType = file.storyboard; name = Base; path = Base.lproj/Main.storyboard; sourceTree = "<group>"; };
		CBF53FCB2768F87B001F99D8 /* Assets.xcassets */ = {isa = PBXFileReference; lastKnownFileType = folder.assetcatalog; path = Assets.xcassets; sourceTree = "<group>"; };
		CBF53FCE2768F87B001F99D8 /* Base */ = {isa = PBXFileReference; lastKnownFileType = file.storyboard; name = Base; path = Base.lproj/LaunchScreen.storyboard; sourceTree = "<group>"; };
		CBF53FD02768F87B001F99D8 /* Info.plist */ = {isa = PBXFileReference; lastKnownFileType = text.plist.xml; path = Info.plist; sourceTree = "<group>"; };
		CBF53FD7276907CA001F99D8 /* BirthdayListViewController.swift */ = {isa = PBXFileReference; lastKnownFileType = sourcecode.swift; path = BirthdayListViewController.swift; sourceTree = "<group>"; };
		CBF53FD927690850001F99D8 /* EditViewController.swift */ = {isa = PBXFileReference; lastKnownFileType = sourcecode.swift; path = EditViewController.swift; sourceTree = "<group>"; };
/* End PBXFileReference section */

/* Begin PBXFrameworksBuildPhase section */
		CBF53FBC2768F879001F99D8 /* Frameworks */ = {
			isa = PBXFrameworksBuildPhase;
			buildActionMask = 2147483647;
			files = (
			);
			runOnlyForDeploymentPostprocessing = 0;
		};
/* End PBXFrameworksBuildPhase section */

/* Begin PBXGroup section */
		CB565385276A697800003D21 /* UIExtensions */ = {
			isa = PBXGroup;
			children = (
				CB565383276A690300003D21 /* UITextFieldExtensions.swift */,
				CB565381276A67FB00003D21 /* UILabelExtensions.swift */,
			);
			path = UIExtensions;
			sourceTree = "<group>";
		};
		CB565386276A71BC00003D21 /* ViewControllers */ = {
			isa = PBXGroup;
			children = (
				CBF53FD7276907CA001F99D8 /* BirthdayListViewController.swift */,
				CBF53FC62768F879001F99D8 /* SignInViewController.swift */,
				CBF53FD927690850001F99D8 /* EditViewController.swift */,
			);
			path = ViewControllers;
			sourceTree = "<group>";
		};
		CBF53FB62768F879001F99D8 = {
			isa = PBXGroup;
			children = (
				CBF53FC12768F879001F99D8 /* BirthdayReminder */,
				CBF53FC02768F879001F99D8 /* Products */,
			);
			sourceTree = "<group>";
		};
		CBF53FC02768F879001F99D8 /* Products */ = {
			isa = PBXGroup;
			children = (
				CBF53FBF2768F879001F99D8 /* BirthdayReminder.app */,
			);
			name = Products;
			sourceTree = "<group>";
		};
		CBF53FC12768F879001F99D8 /* BirthdayReminder */ = {
			isa = PBXGroup;
			children = (
				CB565386276A71BC00003D21 /* ViewControllers */,
				CBDDAFE1276E19A300A5678D /* Contact.swift */,
				CBB70BC42774E08B00BC89BA /* ImageFunction.swift */,
				CBE9A26A2776732F008C4EB3 /* Birthday.swift */,
				CBB70BC62775077800BC89BA /* Other.swift */,
				CB95C933277252CF0010730D /* IntExtension.swift */,
				CB95C9352772578A0010730D /* StringExtensions.swift */,
				CBB046C62771024F00A836DD /* DateExtension.swift */,
				CBF53FC82768F879001F99D8 /* Main.storyboard */,
				CBF53FCB2768F87B001F99D8 /* Assets.xcassets */,
				CBF53FCD2768F87B001F99D8 /* LaunchScreen.storyboard */,
				CBF53FD02768F87B001F99D8 /* Info.plist */,
				CBF53FD62768F89B001F99D8 /* SupportingFiles */,
				CB565385276A697800003D21 /* UIExtensions */,
			);
			path = BirthdayReminder;
			sourceTree = "<group>";
		};
		CBF53FD62768F89B001F99D8 /* SupportingFiles */ = {
			isa = PBXGroup;
			children = (
				CBF53FC42768F879001F99D8 /* SceneDelegate.swift */,
				CBF53FC22768F879001F99D8 /* AppDelegate.swift */,
			);
			path = SupportingFiles;
			sourceTree = "<group>";
		};
/* End PBXGroup section */

/* Begin PBXNativeTarget section */
		CBF53FBE2768F879001F99D8 /* BirthdayReminder */ = {
			isa = PBXNativeTarget;
			buildConfigurationList = CBF53FD32768F87B001F99D8 /* Build configuration list for PBXNativeTarget "BirthdayReminder" */;
			buildPhases = (
				CBF53FBB2768F879001F99D8 /* Sources */,
				CBF53FBC2768F879001F99D8 /* Frameworks */,
				CBF53FBD2768F879001F99D8 /* Resources */,
			);
			buildRules = (
			);
			dependencies = (
			);
			name = BirthdayReminder;
			productName = BirthdayReminder;
			productReference = CBF53FBF2768F879001F99D8 /* BirthdayReminder.app */;
			productType = "com.apple.product-type.application";
		};
/* End PBXNativeTarget section */

/* Begin PBXProject section */
		CBF53FB72768F879001F99D8 /* Project object */ = {
			isa = PBXProject;
			attributes = {
				BuildIndependentTargetsInParallel = 1;
				LastSwiftUpdateCheck = 1310;
				LastUpgradeCheck = 1310;
				TargetAttributes = {
					CBF53FBE2768F879001F99D8 = {
						CreatedOnToolsVersion = 13.1;
					};
				};
			};
			buildConfigurationList = CBF53FBA2768F879001F99D8 /* Build configuration list for PBXProject "BirthdayReminder" */;
			compatibilityVersion = "Xcode 13.0";
			developmentRegion = en;
			hasScannedForEncodings = 0;
			knownRegions = (
				en,
				Base,
			);
			mainGroup = CBF53FB62768F879001F99D8;
			productRefGroup = CBF53FC02768F879001F99D8 /* Products */;
			projectDirPath = "";
			projectRoot = "";
			targets = (
				CBF53FBE2768F879001F99D8 /* BirthdayReminder */,
			);
		};
/* End PBXProject section */

/* Begin PBXResourcesBuildPhase section */
		CBF53FBD2768F879001F99D8 /* Resources */ = {
			isa = PBXResourcesBuildPhase;
			buildActionMask = 2147483647;
			files = (
				CBF53FCF2768F87B001F99D8 /* LaunchScreen.storyboard in Resources */,
				CBF53FCC2768F87B001F99D8 /* Assets.xcassets in Resources */,
				CBF53FCA2768F879001F99D8 /* Main.storyboard in Resources */,
			);
			runOnlyForDeploymentPostprocessing = 0;
		};
/* End PBXResourcesBuildPhase section */

/* Begin PBXSourcesBuildPhase section */
		CBF53FBB2768F879001F99D8 /* Sources */ = {
			isa = PBXSourcesBuildPhase;
			buildActionMask = 2147483647;
			files = (
				CBF53FDA27690850001F99D8 /* EditViewController.swift in Sources */,
				CBF53FC72768F879001F99D8 /* SignInViewController.swift in Sources */,
				CB565382276A67FB00003D21 /* UILabelExtensions.swift in Sources */,
				CB95C934277252CF0010730D /* IntExtension.swift in Sources */,
				CBE9A26B27767330008C4EB3 /* Birthday.swift in Sources */,
				CBF53FC32768F879001F99D8 /* AppDelegate.swift in Sources */,
				CBB046C72771024F00A836DD /* DateExtension.swift in Sources */,
				CBB70BC52774E08B00BC89BA /* ImageFunction.swift in Sources */,
				CB95C9362772578A0010730D /* StringExtensions.swift in Sources */,
				CBDDAFE2276E19A300A5678D /* Contact.swift in Sources */,
				CBF53FD8276907CA001F99D8 /* BirthdayListViewController.swift in Sources */,
				CBB70BC72775077800BC89BA /* Other.swift in Sources */,
				CB565384276A690300003D21 /* UITextFieldExtensions.swift in Sources */,
				CBF53FC52768F879001F99D8 /* SceneDelegate.swift in Sources */,
			);
			runOnlyForDeploymentPostprocessing = 0;
		};
/* End PBXSourcesBuildPhase section */

/* Begin PBXVariantGroup section */
		CBF53FC82768F879001F99D8 /* Main.storyboard */ = {
			isa = PBXVariantGroup;
			children = (
				CBF53FC92768F879001F99D8 /* Base */,
			);
			name = Main.storyboard;
			sourceTree = "<group>";
		};
		CBF53FCD2768F87B001F99D8 /* LaunchScreen.storyboard */ = {
			isa = PBXVariantGroup;
			children = (
				CBF53FCE2768F87B001F99D8 /* Base */,
			);
			name = LaunchScreen.storyboard;
			sourceTree = "<group>";
		};
/* End PBXVariantGroup section */

/* Begin XCBuildConfiguration section */
		CBF53FD12768F87B001F99D8 /* Debug */ = {
			isa = XCBuildConfiguration;
			buildSettings = {
				ALWAYS_SEARCH_USER_PATHS = NO;
				CLANG_ANALYZER_NONNULL = YES;
				CLANG_ANALYZER_NUMBER_OBJECT_CONVERSION = YES_AGGRESSIVE;
				CLANG_CXX_LANGUAGE_STANDARD = "gnu++17";
				CLANG_CXX_LIBRARY = "libc++";
				CLANG_ENABLE_MODULES = YES;
				CLANG_ENABLE_OBJC_ARC = YES;
				CLANG_ENABLE_OBJC_WEAK = YES;
				CLANG_WARN_BLOCK_CAPTURE_AUTORELEASING = YES;
				CLANG_WARN_BOOL_CONVERSION = YES;
				CLANG_WARN_COMMA = YES;
				CLANG_WARN_CONSTANT_CONVERSION = YES;
				CLANG_WARN_DEPRECATED_OBJC_IMPLEMENTATIONS = YES;
				CLANG_WARN_DIRECT_OBJC_ISA_USAGE = YES_ERROR;
				CLANG_WARN_DOCUMENTATION_COMMENTS = YES;
				CLANG_WARN_EMPTY_BODY = YES;
				CLANG_WARN_ENUM_CONVERSION = YES;
				CLANG_WARN_INFINITE_RECURSION = YES;
				CLANG_WARN_INT_CONVERSION = YES;
				CLANG_WARN_NON_LITERAL_NULL_CONVERSION = YES;
				CLANG_WARN_OBJC_IMPLICIT_RETAIN_SELF = YES;
				CLANG_WARN_OBJC_LITERAL_CONVERSION = YES;
				CLANG_WARN_OBJC_ROOT_CLASS = YES_ERROR;
				CLANG_WARN_QUOTED_INCLUDE_IN_FRAMEWORK_HEADER = YES;
				CLANG_WARN_RANGE_LOOP_ANALYSIS = YES;
				CLANG_WARN_STRICT_PROTOTYPES = YES;
				CLANG_WARN_SUSPICIOUS_MOVE = YES;
				CLANG_WARN_UNGUARDED_AVAILABILITY = YES_AGGRESSIVE;
				CLANG_WARN_UNREACHABLE_CODE = YES;
				CLANG_WARN__DUPLICATE_METHOD_MATCH = YES;
				COPY_PHASE_STRIP = NO;
				DEBUG_INFORMATION_FORMAT = dwarf;
				ENABLE_STRICT_OBJC_MSGSEND = YES;
				ENABLE_TESTABILITY = YES;
				GCC_C_LANGUAGE_STANDARD = gnu11;
				GCC_DYNAMIC_NO_PIC = NO;
				GCC_NO_COMMON_BLOCKS = YES;
				GCC_OPTIMIZATION_LEVEL = 0;
				GCC_PREPROCESSOR_DEFINITIONS = (
					"DEBUG=1",
					"$(inherited)",
				);
				GCC_WARN_64_TO_32_BIT_CONVERSION = YES;
				GCC_WARN_ABOUT_RETURN_TYPE = YES_ERROR;
				GCC_WARN_UNDECLARED_SELECTOR = YES;
				GCC_WARN_UNINITIALIZED_AUTOS = YES_AGGRESSIVE;
				GCC_WARN_UNUSED_FUNCTION = YES;
				GCC_WARN_UNUSED_VARIABLE = YES;
				IPHONEOS_DEPLOYMENT_TARGET = 15.0;
				MTL_ENABLE_DEBUG_INFO = INCLUDE_SOURCE;
				MTL_FAST_MATH = YES;
				ONLY_ACTIVE_ARCH = YES;
				SDKROOT = iphoneos;
				SWIFT_ACTIVE_COMPILATION_CONDITIONS = DEBUG;
				SWIFT_OPTIMIZATION_LEVEL = "-Onone";
			};
			name = Debug;
		};
		CBF53FD22768F87B001F99D8 /* Release */ = {
			isa = XCBuildConfiguration;
			buildSettings = {
				ALWAYS_SEARCH_USER_PATHS = NO;
				CLANG_ANALYZER_NONNULL = YES;
				CLANG_ANALYZER_NUMBER_OBJECT_CONVERSION = YES_AGGRESSIVE;
				CLANG_CXX_LANGUAGE_STANDARD = "gnu++17";
				CLANG_CXX_LIBRARY = "libc++";
				CLANG_ENABLE_MODULES = YES;
				CLANG_ENABLE_OBJC_ARC = YES;
				CLANG_ENABLE_OBJC_WEAK = YES;
				CLANG_WARN_BLOCK_CAPTURE_AUTORELEASING = YES;
				CLANG_WARN_BOOL_CONVERSION = YES;
				CLANG_WARN_COMMA = YES;
				CLANG_WARN_CONSTANT_CONVERSION = YES;
				CLANG_WARN_DEPRECATED_OBJC_IMPLEMENTATIONS = YES;
				CLANG_WARN_DIRECT_OBJC_ISA_USAGE = YES_ERROR;
				CLANG_WARN_DOCUMENTATION_COMMENTS = YES;
				CLANG_WARN_EMPTY_BODY = YES;
				CLANG_WARN_ENUM_CONVERSION = YES;
				CLANG_WARN_INFINITE_RECURSION = YES;
				CLANG_WARN_INT_CONVERSION = YES;
				CLANG_WARN_NON_LITERAL_NULL_CONVERSION = YES;
				CLANG_WARN_OBJC_IMPLICIT_RETAIN_SELF = YES;
				CLANG_WARN_OBJC_LITERAL_CONVERSION = YES;
				CLANG_WARN_OBJC_ROOT_CLASS = YES_ERROR;
				CLANG_WARN_QUOTED_INCLUDE_IN_FRAMEWORK_HEADER = YES;
				CLANG_WARN_RANGE_LOOP_ANALYSIS = YES;
				CLANG_WARN_STRICT_PROTOTYPES = YES;
				CLANG_WARN_SUSPICIOUS_MOVE = YES;
				CLANG_WARN_UNGUARDED_AVAILABILITY = YES_AGGRESSIVE;
				CLANG_WARN_UNREACHABLE_CODE = YES;
				CLANG_WARN__DUPLICATE_METHOD_MATCH = YES;
				COPY_PHASE_STRIP = NO;
				DEBUG_INFORMATION_FORMAT = "dwarf-with-dsym";
				ENABLE_NS_ASSERTIONS = NO;
				ENABLE_STRICT_OBJC_MSGSEND = YES;
				GCC_C_LANGUAGE_STANDARD = gnu11;
				GCC_NO_COMMON_BLOCKS = YES;
				GCC_WARN_64_TO_32_BIT_CONVERSION = YES;
				GCC_WARN_ABOUT_RETURN_TYPE = YES_ERROR;
				GCC_WARN_UNDECLARED_SELECTOR = YES;
				GCC_WARN_UNINITIALIZED_AUTOS = YES_AGGRESSIVE;
				GCC_WARN_UNUSED_FUNCTION = YES;
				GCC_WARN_UNUSED_VARIABLE = YES;
				IPHONEOS_DEPLOYMENT_TARGET = 15.0;
				MTL_ENABLE_DEBUG_INFO = NO;
				MTL_FAST_MATH = YES;
				SDKROOT = iphoneos;
				SWIFT_COMPILATION_MODE = wholemodule;
				SWIFT_OPTIMIZATION_LEVEL = "-O";
				VALIDATE_PRODUCT = YES;
			};
			name = Release;
		};
		CBF53FD42768F87B001F99D8 /* Debug */ = {
			isa = XCBuildConfiguration;
			buildSettings = {
				ASSETCATALOG_COMPILER_APPICON_NAME = AppIcon;
				ASSETCATALOG_COMPILER_GLOBAL_ACCENT_COLOR_NAME = AccentColor;
				CODE_SIGN_STYLE = Automatic;
				CURRENT_PROJECT_VERSION = 1;
				DEVELOPMENT_TEAM = T7YWVGS7V5;
				GENERATE_INFOPLIST_FILE = YES;
				INFOPLIST_FILE = BirthdayReminder/Info.plist;
				INFOPLIST_KEY_UIApplicationSupportsIndirectInputEvents = YES;
				INFOPLIST_KEY_UILaunchStoryboardName = LaunchScreen;
				INFOPLIST_KEY_UIMainStoryboardFile = Main;
				INFOPLIST_KEY_UISupportedInterfaceOrientations_iPad = "UIInterfaceOrientationPortrait UIInterfaceOrientationPortraitUpsideDown UIInterfaceOrientationLandscapeLeft UIInterfaceOrientationLandscapeRight";
				INFOPLIST_KEY_UISupportedInterfaceOrientations_iPhone = "UIInterfaceOrientationPortrait UIInterfaceOrientationLandscapeLeft UIInterfaceOrientationLandscapeRight";
				LD_RUNPATH_SEARCH_PATHS = (
					"$(inherited)",
					"@executable_path/Frameworks",
				);
				MARKETING_VERSION = 1.0;
				PRODUCT_BUNDLE_IDENTIFIER = ru.gerry.BirthdayReminder;
				PRODUCT_NAME = "$(TARGET_NAME)";
				SWIFT_EMIT_LOC_STRINGS = YES;
				SWIFT_VERSION = 5.0;
				TARGETED_DEVICE_FAMILY = "1,2";
			};
			name = Debug;
		};
		CBF53FD52768F87B001F99D8 /* Release */ = {
			isa = XCBuildConfiguration;
			buildSettings = {
				ASSETCATALOG_COMPILER_APPICON_NAME = AppIcon;
				ASSETCATALOG_COMPILER_GLOBAL_ACCENT_COLOR_NAME = AccentColor;
				CODE_SIGN_STYLE = Automatic;
				CURRENT_PROJECT_VERSION = 1;
				DEVELOPMENT_TEAM = T7YWVGS7V5;
				GENERATE_INFOPLIST_FILE = YES;
				INFOPLIST_FILE = BirthdayReminder/Info.plist;
				INFOPLIST_KEY_UIApplicationSupportsIndirectInputEvents = YES;
				INFOPLIST_KEY_UILaunchStoryboardName = LaunchScreen;
				INFOPLIST_KEY_UIMainStoryboardFile = Main;
				INFOPLIST_KEY_UISupportedInterfaceOrientations_iPad = "UIInterfaceOrientationPortrait UIInterfaceOrientationPortraitUpsideDown UIInterfaceOrientationLandscapeLeft UIInterfaceOrientationLandscapeRight";
				INFOPLIST_KEY_UISupportedInterfaceOrientations_iPhone = "UIInterfaceOrientationPortrait UIInterfaceOrientationLandscapeLeft UIInterfaceOrientationLandscapeRight";
				LD_RUNPATH_SEARCH_PATHS = (
					"$(inherited)",
					"@executable_path/Frameworks",
				);
				MARKETING_VERSION = 1.0;
				PRODUCT_BUNDLE_IDENTIFIER = ru.gerry.BirthdayReminder;
				PRODUCT_NAME = "$(TARGET_NAME)";
				SWIFT_EMIT_LOC_STRINGS = YES;
				SWIFT_VERSION = 5.0;
				TARGETED_DEVICE_FAMILY = "1,2";
			};
			name = Release;
		};
/* End XCBuildConfiguration section */

/* Begin XCConfigurationList section */
		CBF53FBA2768F879001F99D8 /* Build configuration list for PBXProject "BirthdayReminder" */ = {
			isa = XCConfigurationList;
			buildConfigurations = (
				CBF53FD12768F87B001F99D8 /* Debug */,
				CBF53FD22768F87B001F99D8 /* Release */,
			);
			defaultConfigurationIsVisible = 0;
			defaultConfigurationName = Release;
		};
		CBF53FD32768F87B001F99D8 /* Build configuration list for PBXNativeTarget "BirthdayReminder" */ = {
			isa = XCConfigurationList;
			buildConfigurations = (
				CBF53FD42768F87B001F99D8 /* Debug */,
				CBF53FD52768F87B001F99D8 /* Release */,
			);
			defaultConfigurationIsVisible = 0;
			defaultConfigurationName = Release;
		};
/* End XCConfigurationList section */
	};
	rootObject = CBF53FB72768F879001F99D8 /* Project object */;
}
